
Microsoft Visual Studio Solution File, Format Version 12.00
# Visual Studio Version 16
VisualStudioVersion = 16.0.29613.14
MinimumVisualStudioVersion = 10.0.40219.1
Project("{FAE04EC0-301F-11D3-BF4B-00C04F79EFBC}") = "BookStudy", "BookStudy\BookStudy.csproj", "{07857562-109B-4638-B60D-32499778EB8B}"
EndProject
Global
	GlobalSection(SolutionConfigurationPlatforms) = preSolution
		Debug|Any CPU = Debug|Any CPU
		Release|Any CPU = Release|Any CPU
	EndGlobalSection
	GlobalSection(ProjectConfigurationPlatforms) = postSolution
		{07857562-109B-4638-B60D-32499778EB8B}.Debug|Any CPU.ActiveCfg = Debug|Any CPU
		{07857562-109B-4638-B60D-32499778EB8B}.Debug|Any CPU.Build.0 = Debug|Any CPU
		{07857562-109B-4638-B60D-32499778EB8B}.Release|Any CPU.ActiveCfg = Release|Any CPU
		{07857562-109B-4638-B60D-32499778EB8B}.Release|Any CPU.Build.0 = Release|Any CPU
	EndGlobalSection
	GlobalSection(SolutionProperties) = preSolution
		HideSolutionNode = FALSE
	EndGlobalSection
	GlobalSection(ExtensibilityGlobals) = postSolution
		SolutionGuid = {9E596306-4716-405E-9702-A4511A24C734}
	EndGlobalSection
EndGlobal
